
Microsoft Visual Studio Solution File, Format Version 12.00
# Visual Studio Version 17
VisualStudioVersion = 17.7.34024.191
MinimumVisualStudioVersion = 10.0.40219.1
Project("{FAE04EC0-301F-11D3-BF4B-00C04F79EFBC}") = "Project_63131717", "Project_63131717\Project_63131717.csproj", "{46BFEF86-0704-4708-A393-EAABD0245559}"
EndProject
Project("{2150E333-8FDC-42A3-9474-1A3956D46DE8}") = "Solution Items", "Solution Items", "{DEB8EDAF-45CE-49D0-BE40-80560BF29B16}"
	ProjectSection(SolutionItems) = preProject
		.editorconfig = .editorconfig
	EndProjectSection
EndProject
Global
	GlobalSection(SolutionConfigurationPlatforms) = preSolution
		Debug|Any CPU = Debug|Any CPU
		Release|Any CPU = Release|Any CPU
	EndGlobalSection
	GlobalSection(ProjectConfigurationPlatforms) = postSolution
		{46BFEF86-0704-4708-A393-EAABD0245559}.Debug|Any CPU.ActiveCfg = Debug|Any CPU
		{46BFEF86-0704-4708-A393-EAABD0245559}.Debug|Any CPU.Build.0 = Debug|Any CPU
		{46BFEF86-0704-4708-A393-EAABD0245559}.Release|Any CPU.ActiveCfg = Release|Any CPU
		{46BFEF86-0704-4708-A393-EAABD0245559}.Release|Any CPU.Build.0 = Release|Any CPU
	EndGlobalSection
	GlobalSection(SolutionProperties) = preSolution
		HideSolutionNode = FALSE
	EndGlobalSection
	GlobalSection(ExtensibilityGlobals) = postSolution
		SolutionGuid = {387B6C33-8140-4212-8EC8-3DC188C48AD8}
	EndGlobalSection
EndGlobal
